
Microsoft Visual Studio Solution File, Format Version 12.00
# Visual Studio 2012
Project("{FAE04EC0-301F-11D3-BF4B-00C04F79EFBC}") = "ChatServer", "ChatServer\ChatServer.csproj", "{C1C5810A-28F0-49D1-94E0-464AA1A30E28}"
EndProject
Project("{FAE04EC0-301F-11D3-BF4B-00C04F79EFBC}") = "CommonTypes", "CommonTypes\CommonTypes.csproj", "{59CC5166-2CF8-4365-B335-4BEDBF61C713}"
EndProject
Project("{FAE04EC0-301F-11D3-BF4B-00C04F79EFBC}") = "ClientChat", "ClientChat\ClientChat.csproj", "{98117107-5328-4A25-94BB-4A2CDCEDB103}"
EndProject
Global
	GlobalSection(SolutionConfigurationPlatforms) = preSolution
		Debug|Any CPU = Debug|Any CPU
		Release|Any CPU = Release|Any CPU
	EndGlobalSection
	GlobalSection(ProjectConfigurationPlatforms) = postSolution
		{C1C5810A-28F0-49D1-94E0-464AA1A30E28}.Debug|Any CPU.ActiveCfg = Debug|Any CPU
		{C1C5810A-28F0-49D1-94E0-464AA1A30E28}.Debug|Any CPU.Build.0 = Debug|Any CPU
		{C1C5810A-28F0-49D1-94E0-464AA1A30E28}.Release|Any CPU.ActiveCfg = Release|Any CPU
		{C1C5810A-28F0-49D1-94E0-464AA1A30E28}.Release|Any CPU.Build.0 = Release|Any CPU
		{59CC5166-2CF8-4365-B335-4BEDBF61C713}.Debug|Any CPU.ActiveCfg = Debug|Any CPU
		{59CC5166-2CF8-4365-B335-4BEDBF61C713}.Debug|Any CPU.Build.0 = Debug|Any CPU
		{59CC5166-2CF8-4365-B335-4BEDBF61C713}.Release|Any CPU.ActiveCfg = Release|Any CPU
		{59CC5166-2CF8-4365-B335-4BEDBF61C713}.Release|Any CPU.Build.0 = Release|Any CPU
		{98117107-5328-4A25-94BB-4A2CDCEDB103}.Debug|Any CPU.ActiveCfg = Debug|Any CPU
		{98117107-5328-4A25-94BB-4A2CDCEDB103}.Debug|Any CPU.Build.0 = Debug|Any CPU
		{98117107-5328-4A25-94BB-4A2CDCEDB103}.Release|Any CPU.ActiveCfg = Release|Any CPU
		{98117107-5328-4A25-94BB-4A2CDCEDB103}.Release|Any CPU.Build.0 = Release|Any CPU
	EndGlobalSection
	GlobalSection(SolutionProperties) = preSolution
		HideSolutionNode = FALSE
	EndGlobalSection
EndGlobal
